
Microsoft Visual Studio Solution File, Format Version 12.00
# Visual Studio 2013
VisualStudioVersion = 12.0.31101.0
MinimumVisualStudioVersion = 10.0.40219.1
Project("{FAE04EC0-301F-11D3-BF4B-00C04F79EFBC}") = "WolfyBot.Core", "WolfyBot.Core\WolfyBot.Core.csproj", "{DBEFEE3B-0172-4EAA-BA91-D4AC67A9AEB7}"
EndProject
Global
	GlobalSection(SolutionConfigurationPlatforms) = preSolution
		Debug|Any CPU = Debug|Any CPU
		Release|Any CPU = Release|Any CPU
	EndGlobalSection
	GlobalSection(ProjectConfigurationPlatforms) = postSolution
		{DBEFEE3B-0172-4EAA-BA91-D4AC67A9AEB7}.Debug|Any CPU.ActiveCfg = Debug|Any CPU
		{DBEFEE3B-0172-4EAA-BA91-D4AC67A9AEB7}.Debug|Any CPU.Build.0 = Debug|Any CPU
		{DBEFEE3B-0172-4EAA-BA91-D4AC67A9AEB7}.Release|Any CPU.ActiveCfg = Release|Any CPU
		{DBEFEE3B-0172-4EAA-BA91-D4AC67A9AEB7}.Release|Any CPU.Build.0 = Release|Any CPU
	EndGlobalSection
	GlobalSection(SolutionProperties) = preSolution
		HideSolutionNode = FALSE
	EndGlobalSection
EndGlobal
